{
  "lockfileVersion": 1,
  "workspaces": {
    "": {
      "name": "test",
    },
    "packages/plugin": {
      "name": "plugin",
      "version": "1.0.0",
    },
    "packages/swc": {
      "name": "test-swc-123123",
      "version": "1.10.0",
      "dependencies": {
        "webpack-plugin": "workspace:*",
      },
    },
    "packages/webpack-plugin": {
      "name": "webpack-plugin",
      "version": "0.5.0",
    },
  },
  "packages": {
    "plugin": ["plugin@workspace:packages/plugin"],

    "test-swc-123123": ["test-swc-123123@workspace:packages/swc"],

    "webpack-plugin": ["webpack-plugin@workspace:packages/webpack-plugin"],
  }
}
